
Microsoft Visual Studio Solution File, Format Version 12.00
# Visual Studio 15
VisualStudioVersion = 15.0.27130.0
MinimumVisualStudioVersion = 10.0.40219.1
Project("{FAE04EC0-301F-11D3-BF4B-00C04F79EFBC}") = "PrettyPainter", "PrettyPainter\PrettyPainter.csproj", "{78ED2ABD-23AE-4595-806D-A6C19951974F}"
EndProject
Global
	GlobalSection(SolutionConfigurationPlatforms) = preSolution
		Debug|ARM = Debug|ARM
		Debug|x64 = Debug|x64
		Debug|x86 = Debug|x86
		Release|ARM = Release|ARM
		Release|x64 = Release|x64
		Release|x86 = Release|x86
	EndGlobalSection
	GlobalSection(ProjectConfigurationPlatforms) = postSolution
		{78ED2ABD-23AE-4595-806D-A6C19951974F}.Debug|ARM.ActiveCfg = Debug|ARM
		{78ED2ABD-23AE-4595-806D-A6C19951974F}.Debug|ARM.Build.0 = Debug|ARM
		{78ED2ABD-23AE-4595-806D-A6C19951974F}.Debug|ARM.Deploy.0 = Debug|ARM
		{78ED2ABD-23AE-4595-806D-A6C19951974F}.Debug|x64.ActiveCfg = Debug|x64
		{78ED2ABD-23AE-4595-806D-A6C19951974F}.Debug|x64.Build.0 = Debug|x64
		{78ED2ABD-23AE-4595-806D-A6C19951974F}.Debug|x64.Deploy.0 = Debug|x64
		{78ED2ABD-23AE-4595-806D-A6C19951974F}.Debug|x86.ActiveCfg = Debug|x86
		{78ED2ABD-23AE-4595-806D-A6C19951974F}.Debug|x86.Build.0 = Debug|x86
		{78ED2ABD-23AE-4595-806D-A6C19951974F}.Debug|x86.Deploy.0 = Debug|x86
		{78ED2ABD-23AE-4595-806D-A6C19951974F}.Release|ARM.ActiveCfg = Release|ARM
		{78ED2ABD-23AE-4595-806D-A6C19951974F}.Release|ARM.Build.0 = Release|ARM
		{78ED2ABD-23AE-4595-806D-A6C19951974F}.Release|ARM.Deploy.0 = Release|ARM
		{78ED2ABD-23AE-4595-806D-A6C19951974F}.Release|x64.ActiveCfg = Release|x64
		{78ED2ABD-23AE-4595-806D-A6C19951974F}.Release|x64.Build.0 = Release|x64
		{78ED2ABD-23AE-4595-806D-A6C19951974F}.Release|x64.Deploy.0 = Release|x64
		{78ED2ABD-23AE-4595-806D-A6C19951974F}.Release|x86.ActiveCfg = Release|x86
		{78ED2ABD-23AE-4595-806D-A6C19951974F}.Release|x86.Build.0 = Release|x86
		{78ED2ABD-23AE-4595-806D-A6C19951974F}.Release|x86.Deploy.0 = Release|x86
	EndGlobalSection
	GlobalSection(SolutionProperties) = preSolution
		HideSolutionNode = FALSE
	EndGlobalSection
	GlobalSection(ExtensibilityGlobals) = postSolution
		SolutionGuid = {1A7C9A55-F3D0-41DD-A61C-0B891B75854B}
	EndGlobalSection
EndGlobal
